{
  "nodes": {
    "flakeCompat": {
      "flake": false,
      "locked": {
        "lastModified": 1606424373,
        "narHash": "sha256-oq8d4//CJOrVj+EcOaSXvMebvuTkmBJuT5tzlfewUnQ=",
        "owner": "edolstra",
        "repo": "flake-compat",
        "rev": "99f1c2157fba4bfe6211a321fd0ee43199025dbf",
        "type": "github"
      },
      "original": {
        "owner": "edolstra",
        "repo": "flake-compat",
        "type": "github"
      }
    },
    "flakeUtils": {
      "locked": {
        "lastModified": 1622445595,
        "narHash": "sha256-m+JRe6Wc5OZ/mKw2bB3+Tl0ZbtyxxxfnAWln8Q5qs+Y=",
        "owner": "numtide",
        "repo": "flake-utils",
        "rev": "7d706970d94bc5559077eb1a6600afddcd25a7c8",
        "type": "github"
      },
      "original": {
        "owner": "numtide",
        "repo": "flake-utils",
        "type": "github"
      }
    },
    "nixpkgs": {
      "locked": {
        "lastModified": 1623154001,
        "narHash": "sha256-KxsIXg5ez5SveGayOKcW+MnofqVuLnwZHE5mZgtRAJo=",
        "owner": "NixOS",
        "repo": "nixpkgs",
        "rev": "3bc8e5cd23b84b2e149e7aaad57117da16a19e6f",
        "type": "github"
      },
      "original": {
        "owner": "NixOS",
        "ref": "nixpkgs-unstable",
        "repo": "nixpkgs",
        "type": "github"
      }
    },
    "root": {
      "inputs": {
        "flakeCompat": "flakeCompat",
        "flakeUtils": "flakeUtils",
        "nixpkgs": "nixpkgs",
        "tdlibSrc": "tdlibSrc"
      }
    },
    "tdlibSrc": {
      "flake": false,
      "locked": {
        "lastModified": 1621551903,
        "narHash": "sha256-8gkdu4fuzWgJl0ig62HEWmQ0kYWB7gq8LyNfYOLgaDU=",
        "owner": "tdlib",
        "repo": "td",
        "rev": "e1ebf743988edfcf4400cd5d33a664ff941dc13e",
        "type": "github"
      },
      "original": {
        "owner": "tdlib",
        "ref": "master",
        "repo": "td",
        "type": "github"
      }
    }
  },
  "root": "root",
  "version": 7
}
